
Microsoft Visual Studio Solution File, Format Version 12.00
# Visual Studio 2012
Project("{E24C65DC-7377-472B-9ABA-BC803B73C61A}") = "CSEA446Assign4Q1_3", "CSEA446Assign4Q1_3\", "{7BE2FF2D-CE9E-444A-BFAC-596FB344B745}"
	ProjectSection(WebsiteProperties) = preProject
		TargetFrameworkMoniker = ".NETFramework,Version%3Dv4.5"
		Debug.AspNetCompiler.VirtualPath = "/CSEA446Assign4Q1_3"
		Debug.AspNetCompiler.PhysicalPath = "CSEA446Assign4Q1_3\"
		Debug.AspNetCompiler.TargetPath = "PrecompiledWeb\CSEA446Assign4Q1_3\"
		Debug.AspNetCompiler.Updateable = "true"
		Debug.AspNetCompiler.ForceOverwrite = "true"
		Debug.AspNetCompiler.FixedNames = "false"
		Debug.AspNetCompiler.Debug = "True"
		Release.AspNetCompiler.VirtualPath = "/CSEA446Assign4Q1_3"
		Release.AspNetCompiler.PhysicalPath = "CSEA446Assign4Q1_3\"
		Release.AspNetCompiler.TargetPath = "PrecompiledWeb\CSEA446Assign4Q1_3\"
		Release.AspNetCompiler.Updateable = "true"
		Release.AspNetCompiler.ForceOverwrite = "true"
		Release.AspNetCompiler.FixedNames = "false"
		Release.AspNetCompiler.Debug = "False"
		VWDPort = "49164"
	EndProjectSection
EndProject
Global
	GlobalSection(SolutionConfigurationPlatforms) = preSolution
		Debug|Any CPU = Debug|Any CPU
	EndGlobalSection
	GlobalSection(ProjectConfigurationPlatforms) = postSolution
		{7BE2FF2D-CE9E-444A-BFAC-596FB344B745}.Debug|Any CPU.ActiveCfg = Debug|Any CPU
		{7BE2FF2D-CE9E-444A-BFAC-596FB344B745}.Debug|Any CPU.Build.0 = Debug|Any CPU
	EndGlobalSection
	GlobalSection(SolutionProperties) = preSolution
		HideSolutionNode = FALSE
	EndGlobalSection
EndGlobal
