
Microsoft Visual Studio Solution File, Format Version 11.00
# Visual Studio 2010
Project("{E24C65DC-7377-472B-9ABA-BC803B73C61A}") = "WcfService", "WcfService\", "{EF4F8A3A-9520-49DF-ACFB-D80812FE0BA8}"
	ProjectSection(WebsiteProperties) = preProject
		TargetFrameworkMoniker = ".NETFramework,Version%3Dv4.0"
		Debug.AspNetCompiler.VirtualPath = "/WcfService"
		Debug.AspNetCompiler.PhysicalPath = "WcfService\"
		Debug.AspNetCompiler.TargetPath = "PrecompiledWeb\WcfService\"
		Debug.AspNetCompiler.Updateable = "true"
		Debug.AspNetCompiler.ForceOverwrite = "true"
		Debug.AspNetCompiler.FixedNames = "false"
		Debug.AspNetCompiler.Debug = "True"
		Release.AspNetCompiler.VirtualPath = "/WcfService"
		Release.AspNetCompiler.PhysicalPath = "WcfService\"
		Release.AspNetCompiler.TargetPath = "PrecompiledWeb\WcfService\"
		Release.AspNetCompiler.Updateable = "true"
		Release.AspNetCompiler.ForceOverwrite = "true"
		Release.AspNetCompiler.FixedNames = "false"
		Release.AspNetCompiler.Debug = "False"
		VWDPort = "1192"
		VWDDynamicPort = "false"
		DefaultWebSiteLanguage = "Visual C#"
	EndProjectSection
EndProject
Project("{E24C65DC-7377-472B-9ABA-BC803B73C61A}") = "RestWeb", "RestWeb\", "{37A1501C-929D-49BF-82C8-2196E21291A3}"
	ProjectSection(WebsiteProperties) = preProject
		TargetFrameworkMoniker = ".NETFramework,Version%3Dv4.0"
		Debug.AspNetCompiler.VirtualPath = "/RestWeb"
		Debug.AspNetCompiler.PhysicalPath = "RestWeb\"
		Debug.AspNetCompiler.TargetPath = "PrecompiledWeb\RestWeb\"
		Debug.AspNetCompiler.Updateable = "true"
		Debug.AspNetCompiler.ForceOverwrite = "true"
		Debug.AspNetCompiler.FixedNames = "false"
		Debug.AspNetCompiler.Debug = "True"
		Release.AspNetCompiler.VirtualPath = "/RestWeb"
		Release.AspNetCompiler.PhysicalPath = "RestWeb\"
		Release.AspNetCompiler.TargetPath = "PrecompiledWeb\RestWeb\"
		Release.AspNetCompiler.Updateable = "true"
		Release.AspNetCompiler.ForceOverwrite = "true"
		Release.AspNetCompiler.FixedNames = "false"
		Release.AspNetCompiler.Debug = "False"
		VWDPort = "2160"
		VWDDynamicPort = "false"
		DefaultWebSiteLanguage = "Visual C#"
	EndProjectSection
EndProject
Global
	GlobalSection(SolutionConfigurationPlatforms) = preSolution
		Debug|Any CPU = Debug|Any CPU
		Debug|Mixed Platforms = Debug|Mixed Platforms
		Debug|x86 = Debug|x86
		Release|Any CPU = Release|Any CPU
		Release|Mixed Platforms = Release|Mixed Platforms
		Release|x86 = Release|x86
	EndGlobalSection
	GlobalSection(ProjectConfigurationPlatforms) = postSolution
		{EF4F8A3A-9520-49DF-ACFB-D80812FE0BA8}.Debug|Any CPU.ActiveCfg = Debug|Any CPU
		{EF4F8A3A-9520-49DF-ACFB-D80812FE0BA8}.Debug|Any CPU.Build.0 = Debug|Any CPU
		{EF4F8A3A-9520-49DF-ACFB-D80812FE0BA8}.Debug|Mixed Platforms.ActiveCfg = Debug|Any CPU
		{EF4F8A3A-9520-49DF-ACFB-D80812FE0BA8}.Debug|Mixed Platforms.Build.0 = Debug|Any CPU
		{EF4F8A3A-9520-49DF-ACFB-D80812FE0BA8}.Debug|x86.ActiveCfg = Debug|Any CPU
		{EF4F8A3A-9520-49DF-ACFB-D80812FE0BA8}.Release|Any CPU.ActiveCfg = Debug|Any CPU
		{EF4F8A3A-9520-49DF-ACFB-D80812FE0BA8}.Release|Any CPU.Build.0 = Debug|Any CPU
		{EF4F8A3A-9520-49DF-ACFB-D80812FE0BA8}.Release|Mixed Platforms.ActiveCfg = Debug|Any CPU
		{EF4F8A3A-9520-49DF-ACFB-D80812FE0BA8}.Release|Mixed Platforms.Build.0 = Debug|Any CPU
		{EF4F8A3A-9520-49DF-ACFB-D80812FE0BA8}.Release|x86.ActiveCfg = Debug|Any CPU
		{37A1501C-929D-49BF-82C8-2196E21291A3}.Debug|Any CPU.ActiveCfg = Debug|Any CPU
		{37A1501C-929D-49BF-82C8-2196E21291A3}.Debug|Any CPU.Build.0 = Debug|Any CPU
		{37A1501C-929D-49BF-82C8-2196E21291A3}.Debug|Mixed Platforms.ActiveCfg = Debug|Any CPU
		{37A1501C-929D-49BF-82C8-2196E21291A3}.Debug|Mixed Platforms.Build.0 = Debug|Any CPU
		{37A1501C-929D-49BF-82C8-2196E21291A3}.Debug|x86.ActiveCfg = Debug|Any CPU
		{37A1501C-929D-49BF-82C8-2196E21291A3}.Release|Any CPU.ActiveCfg = Debug|Any CPU
		{37A1501C-929D-49BF-82C8-2196E21291A3}.Release|Any CPU.Build.0 = Debug|Any CPU
		{37A1501C-929D-49BF-82C8-2196E21291A3}.Release|Mixed Platforms.ActiveCfg = Debug|Any CPU
		{37A1501C-929D-49BF-82C8-2196E21291A3}.Release|Mixed Platforms.Build.0 = Debug|Any CPU
		{37A1501C-929D-49BF-82C8-2196E21291A3}.Release|x86.ActiveCfg = Debug|Any CPU
	EndGlobalSection
	GlobalSection(SolutionProperties) = preSolution
		HideSolutionNode = FALSE
	EndGlobalSection
EndGlobal
